
Microsoft Visual Studio Solution File, Format Version 12.00
# Visual Studio 14
VisualStudioVersion = 14.0.24720.0
MinimumVisualStudioVersion = 10.0.40219.1
Project("{2150E333-8FDC-42A3-9474-1A3956D46DE8}") = "1.0 - Model", "1.0 - Model", "{D3D65D51-2FD2-4BE7-91F8-B29254F95FEE}"
EndProject
Project("{2150E333-8FDC-42A3-9474-1A3956D46DE8}") = "2.0 - Data", "2.0 - Data", "{43319275-F5D6-43A4-8937-42E3D0E26302}"
EndProject
Project("{2150E333-8FDC-42A3-9474-1A3956D46DE8}") = "3.0 - Business", "3.0 - Business", "{02A2A3DC-D5E5-425C-95A8-CC71D2003121}"
EndProject
Project("{2150E333-8FDC-42A3-9474-1A3956D46DE8}") = "4.0 - Presentation", "4.0 - Presentation", "{0C3027CD-330D-4269-9C7C-DB9B47BBCEC6}"
EndProject
Project("{2150E333-8FDC-42A3-9474-1A3956D46DE8}") = "7.0 - Cloud Services", "7.0 - Cloud Services", "{631679C2-FB93-4011-897A-26B164236EB1}"
EndProject
Project("{2150E333-8FDC-42A3-9474-1A3956D46DE8}") = "Solution Files", "Solution Files", "{617D13C1-8B8D-41E7-9956-912D1BF36CB1}"
EndProject
Project("{2150E333-8FDC-42A3-9474-1A3956D46DE8}") = "5.0 - Web Services", "5.0 - Web Services", "{8C68A63E-EBF1-48CE-99CA-5F3C4E866C2F}"
EndProject
Project("{2150E333-8FDC-42A3-9474-1A3956D46DE8}") = "9.0 - Tests", "9.0 - Tests", "{BAE41581-C220-438E-A3EB-74D1DF693F17}"
EndProject
Global
	GlobalSection(SolutionProperties) = preSolution
		HideSolutionNode = FALSE
	EndGlobalSection
EndGlobal
